
Microsoft Visual Studio Solution File, Format Version 12.00
# Visual Studio Version 16
VisualStudioVersion = 16.0.31605.320
MinimumVisualStudioVersion = 10.0.40219.1
Project("{FAE04EC0-301F-11D3-BF4B-00C04F79EFBC}") = "kafka-replication", "kafka-replication\kafka-replication.csproj", "{5CBFB9E9-F00F-4071-8763-179C4B5D7C61}"
EndProject
Global
	GlobalSection(SolutionConfigurationPlatforms) = preSolution
		Debug|Any CPU = Debug|Any CPU
		Release|Any CPU = Release|Any CPU
	EndGlobalSection
	GlobalSection(ProjectConfigurationPlatforms) = postSolution
		{5CBFB9E9-F00F-4071-8763-179C4B5D7C61}.Debug|Any CPU.ActiveCfg = Debug|Any CPU
		{5CBFB9E9-F00F-4071-8763-179C4B5D7C61}.Debug|Any CPU.Build.0 = Debug|Any CPU
		{5CBFB9E9-F00F-4071-8763-179C4B5D7C61}.Release|Any CPU.ActiveCfg = Release|Any CPU
		{5CBFB9E9-F00F-4071-8763-179C4B5D7C61}.Release|Any CPU.Build.0 = Release|Any CPU
	EndGlobalSection
	GlobalSection(SolutionProperties) = preSolution
		HideSolutionNode = FALSE
	EndGlobalSection
	GlobalSection(ExtensibilityGlobals) = postSolution
		SolutionGuid = {1B3267EA-AA5C-4B2D-A76E-5E1D69E14467}
	EndGlobalSection
EndGlobal
